
Microsoft Visual Studio Solution File, Format Version 12.00
# Visual Studio Version 16
VisualStudioVersion = 16.0.30804.86
MinimumVisualStudioVersion = 10.0.40219.1
Project("{FAE04EC0-301F-11D3-BF4B-00C04F79EFBC}") = "XamCalculator", "XamCalculator.csproj", "{5B0DB033-B32E-4B1C-A6E6-A1971048B954}"
EndProject
Global
	GlobalSection(SolutionConfigurationPlatforms) = preSolution
		Debug|Any CPU = Debug|Any CPU
		Release|Any CPU = Release|Any CPU
	EndGlobalSection
	GlobalSection(ProjectConfigurationPlatforms) = postSolution
		{5B0DB033-B32E-4B1C-A6E6-A1971048B954}.Debug|Any CPU.ActiveCfg = Debug|Any CPU
		{5B0DB033-B32E-4B1C-A6E6-A1971048B954}.Debug|Any CPU.Build.0 = Debug|Any CPU
		{5B0DB033-B32E-4B1C-A6E6-A1971048B954}.Debug|Any CPU.Deploy.0 = Debug|Any CPU
		{5B0DB033-B32E-4B1C-A6E6-A1971048B954}.Release|Any CPU.ActiveCfg = Release|Any CPU
		{5B0DB033-B32E-4B1C-A6E6-A1971048B954}.Release|Any CPU.Build.0 = Release|Any CPU
		{5B0DB033-B32E-4B1C-A6E6-A1971048B954}.Release|Any CPU.Deploy.0 = Release|Any CPU
	EndGlobalSection
	GlobalSection(SolutionProperties) = preSolution
		HideSolutionNode = FALSE
	EndGlobalSection
	GlobalSection(ExtensibilityGlobals) = postSolution
		SolutionGuid = {8565A5D7-D2B7-4D52-B59B-2699B1B3E92A}
	EndGlobalSection
EndGlobal
